<?xml version="1.0" encoding="utf-8"?>
<Project ToolsVersion="4.0" xmlns="http://schemas.microsoft.com/developer/msbuild/2003">
  <ItemGroup>
    <Filter Include="Source Files">
      <UniqueIdentifier>{4FC737F1-C7A5-4376-A066-2A32D752A2FF}</UniqueIdentifier>
      <Extensions>cpp;c;cc;cxx;def;odl;idl;hpj;bat;asm;asmx</Extensions>
    </Filter>
    <Filter Include="Header Files">
      <UniqueIdentifier>{93995380-89BD-4b04-88EB-625FBE52EBFB}</UniqueIdentifier>
      <Extensions>h;hh;hpp;hxx;hm;inl;inc;ipp;xsd</Extensions>
    </Filter>
    <Filter Include="Resource Files">
      <UniqueIdentifier>{67DA6AB6-F800-4c08-8B7A-83BB121AAD01}</UniqueIdentifier>
      <Extensions>rc;ico;cur;bmp;dlg;rc2;rct;bin;rgs;gif;jpg;jpeg;jpe;resx;tiff;tif;png;wav;mfcribbon-ms</Extensions>
    </Filter>
  </ItemGroup>
  <ItemGroup>
    <ClCompile Include="..\deps\glad\src\glad.c">
      <Filter>Source Files</Filter>
    </ClCompile>
    <ClCompile Include="source\main.cpp">
      <Filter>Source Files</Filter>
    </ClCompile>
    <ClCompile Include="source\math\vec3.cpp">
      <Filter>Source Files</Filter>
    </ClCompile>
    <ClCompile Include="source\math\matrix.cpp">
      <Filter>Source Files</Filter>
    </ClCompile>
    <ClCompile Include="source\graphics\renderer.cpp">
      <Filter>Source Files</Filter>
    </ClCompile>
    <ClCompile Include="source\graphics\shaderProgram.cpp">
      <Filter>Source Files</Filter>
    </ClCompile>
    <ClCompile Include="source\core\error.cpp">
      <Filter>Source Files</Filter>
    </ClCompile>
    <ClCompile Include="source\core\engine.cpp">
      <Filter>Source Files</Filter>
    </ClCompile>
    <ClCompile Include="source\core\window.cpp">
      <Filter>Source Files</Filter>
    </ClCompile>
    <ClCompile Include="source\core\coreGame.cpp">
      <Filter>Source Files</Filter>
    </ClCompile>
    <ClCompile Include="source\file\binStream.cpp">
      <Filter>Source Files</Filter>
    </ClCompile>
    <ClCompile Include="source\objects\object.cpp">
      <Filter>Source Files</Filter>
    </ClCompile>
    <ClCompile Include="source\math\mathFunc.cpp">
      <Filter>Source Files</Filter>
    </ClCompile>
    <ClCompile Include="source\objects\physicsObject.cpp">
      <Filter>Source Files</Filter>
    </ClCompile>
    <ClCompile Include="source\math\quaternion.cpp">
      <Filter>Source Files</Filter>
    </ClCompile>
    <ClCompile Include="source\physics\mprCollision.cpp">
      <Filter>Source Files</Filter>
    </ClCompile>
    <ClCompile Include="source\physics\physicsEngine.cpp">
      <Filter>Source Files</Filter>
    </ClCompile>
    <ClCompile Include="source\physics\physicsEngineCollisions.cpp">
      <Filter>Source Files</Filter>
    </ClCompile>
    <ClCompile Include="source\core\world.cpp">
      <Filter>Source Files</Filter>
    </ClCompile>
    <ClCompile Include="source\physics\constraints\constraint.cpp">
      <Filter>Source Files</Filter>
    </ClCompile>
    <ClCompile Include="source\physics\constraints\contactConstraint.cpp">
      <Filter>Source Files</Filter>
    </ClCompile>
    <ClCompile Include="source\objects\player.cpp">
      <Filter>Source Files</Filter>
    </ClCompile>
    <ClCompile Include="source\sound\soundEngine.cpp">
      <Filter>Source Files</Filter>
    </ClCompile>
    <ClCompile Include="source\core\resourceCache.cpp">
      <Filter>Source Files</Filter>
    </ClCompile>
    <ClCompile Include="source\objects\modelFunc.cpp">
      <Filter>Source Files</Filter>
    </ClCompile>
    <ClCompile Include="source\physics\satCollision.cpp">
      <Filter>Source Files</Filter>
    </ClCompile>
  </ItemGroup>
  <ItemGroup>
    <ClInclude Include="source\math\vec3.h">
      <Filter>Header Files</Filter>
    </ClInclude>
    <ClInclude Include="source\math\matrix.h">
      <Filter>Header Files</Filter>
    </ClInclude>
    <ClInclude Include="source\graphics\renderer.h">
      <Filter>Header Files</Filter>
    </ClInclude>
    <ClInclude Include="source\graphics\shaderProgram.h">
      <Filter>Header Files</Filter>
    </ClInclude>
    <ClInclude Include="source\core\error.h">
      <Filter>Header Files</Filter>
    </ClInclude>
    <ClInclude Include="source\objects\object.h">
      <Filter>Header Files</Filter>
    </ClInclude>
    <ClInclude Include="source\core\engine.h">
      <Filter>Header Files</Filter>
    </ClInclude>
    <ClInclude Include="source\core\window.h">
      <Filter>Header Files</Filter>
    </ClInclude>
    <ClInclude Include="source\core\coreGame.h">
      <Filter>Header Files</Filter>
    </ClInclude>
    <ClInclude Include="source\file\binStream.h">
      <Filter>Header Files</Filter>
    </ClInclude>
    <ClInclude Include="source\math\mathFunc.h">
      <Filter>Header Files</Filter>
    </ClInclude>
    <ClInclude Include="source\objects\physicsObject.h">
      <Filter>Header Files</Filter>
    </ClInclude>
    <ClInclude Include="source\math\quaternion.h">
      <Filter>Header Files</Filter>
    </ClInclude>
    <ClInclude Include="source\physics\mprCollision.h">
      <Filter>Header Files</Filter>
    </ClInclude>
    <ClInclude Include="source\physics\physDefine.h">
      <Filter>Header Files</Filter>
    </ClInclude>
    <ClInclude Include="source\physics\physEnum.h">
      <Filter>Header Files</Filter>
    </ClInclude>
    <ClInclude Include="source\physics\physicsEngine.h">
      <Filter>Header Files</Filter>
    </ClInclude>
    <ClInclude Include="source\physics\physStruct.h">
      <Filter>Header Files</Filter>
    </ClInclude>
    <ClInclude Include="source\core\world.h">
      <Filter>Header Files</Filter>
    </ClInclude>
    <ClInclude Include="source\physics\constraints\constraint.h">
      <Filter>Header Files</Filter>
    </ClInclude>
    <ClInclude Include="source\physics\constraints\contactConstraint.h">
      <Filter>Header Files</Filter>
    </ClInclude>
    <ClInclude Include="source\objects\player.h">
      <Filter>Header Files</Filter>
    </ClInclude>
    <ClInclude Include="source\core\options.h">
      <Filter>Header Files</Filter>
    </ClInclude>
    <ClInclude Include="source\graphics\camera.h">
      <Filter>Header Files</Filter>
    </ClInclude>
    <ClInclude Include="source\sound\soundEngine.h">
      <Filter>Header Files</Filter>
    </ClInclude>
    <ClInclude Include="source\core\resourceCache.h">
      <Filter>Header Files</Filter>
    </ClInclude>
    <ClInclude Include="source\objects\material.h">
      <Filter>Header Files</Filter>
    </ClInclude>
    <ClInclude Include="source\core\paths.h">
      <Filter>Header Files</Filter>
    </ClInclude>
    <ClInclude Include="source\file\readImage.h">
      <Filter>Header Files</Filter>
    </ClInclude>
    <ClInclude Include="source\file\readSound.h">
      <Filter>Header Files</Filter>
    </ClInclude>
    <ClInclude Include="source\graphics\renderType.h">
      <Filter>Header Files</Filter>
    </ClInclude>
    <ClInclude Include="source\objects\model.h">
      <Filter>Header Files</Filter>
    </ClInclude>
    <ClInclude Include="source\objects\modelFunc.h">
      <Filter>Header Files</Filter>
    </ClInclude>
    <ClInclude Include="source\core\keys.h">
      <Filter>Header Files</Filter>
    </ClInclude>
    <ClInclude Include="source\physics\satCollision.h">
      <Filter>Header Files</Filter>
    </ClInclude>
  </ItemGroup>
</Project>